
Microsoft Visual Studio Solution File, Format Version 12.00
# Visual Studio 14
VisualStudioVersion = 14.0.24720.0
MinimumVisualStudioVersion = 10.0.40219.1
Project("{8BC9CEB8-8B4A-11D0-8D11-00A0C91BC942}") = "UVa-11799", "UVa-11799\UVa-11799.vcxproj", "{3B3ADF2A-FD98-4D33-B0FF-465BC3A33333}"
EndProject
Project("{8BC9CEB8-8B4A-11D0-8D11-00A0C91BC942}") = "UVa-11559", "UVa-11559\UVa-11559.vcxproj", "{381C01EE-5288-4C3B-AF68-41BD7076C3BA}"
EndProject
Project("{8BC9CEB8-8B4A-11D0-8D11-00A0C91BC942}") = "UVa-10141", "UVa-10141\UVa-10141.vcxproj", "{FC2A6BA4-E5D7-41F2-B21A-F5B6FCD884D7}"
EndProject
Project("{8BC9CEB8-8B4A-11D0-8D11-00A0C91BC942}") = "UVa-10258", "UVa-10258\UVa-10258.vcxproj", "{CF72F11E-98D1-444B-B738-378BB2D60AA0}"
EndProject
Global
	GlobalSection(SolutionConfigurationPlatforms) = preSolution
		Debug|x64 = Debug|x64
		Debug|x86 = Debug|x86
		Release|x64 = Release|x64
		Release|x86 = Release|x86
	EndGlobalSection
	GlobalSection(ProjectConfigurationPlatforms) = postSolution
		{3B3ADF2A-FD98-4D33-B0FF-465BC3A33333}.Debug|x64.ActiveCfg = Debug|x64
		{3B3ADF2A-FD98-4D33-B0FF-465BC3A33333}.Debug|x64.Build.0 = Debug|x64
		{3B3ADF2A-FD98-4D33-B0FF-465BC3A33333}.Debug|x86.ActiveCfg = Debug|Win32
		{3B3ADF2A-FD98-4D33-B0FF-465BC3A33333}.Debug|x86.Build.0 = Debug|Win32
		{3B3ADF2A-FD98-4D33-B0FF-465BC3A33333}.Release|x64.ActiveCfg = Release|x64
		{3B3ADF2A-FD98-4D33-B0FF-465BC3A33333}.Release|x64.Build.0 = Release|x64
		{3B3ADF2A-FD98-4D33-B0FF-465BC3A33333}.Release|x86.ActiveCfg = Release|Win32
		{3B3ADF2A-FD98-4D33-B0FF-465BC3A33333}.Release|x86.Build.0 = Release|Win32
		{381C01EE-5288-4C3B-AF68-41BD7076C3BA}.Debug|x64.ActiveCfg = Debug|x64
		{381C01EE-5288-4C3B-AF68-41BD7076C3BA}.Debug|x64.Build.0 = Debug|x64
		{381C01EE-5288-4C3B-AF68-41BD7076C3BA}.Debug|x86.ActiveCfg = Debug|Win32
		{381C01EE-5288-4C3B-AF68-41BD7076C3BA}.Debug|x86.Build.0 = Debug|Win32
		{381C01EE-5288-4C3B-AF68-41BD7076C3BA}.Release|x64.ActiveCfg = Release|x64
		{381C01EE-5288-4C3B-AF68-41BD7076C3BA}.Release|x64.Build.0 = Release|x64
		{381C01EE-5288-4C3B-AF68-41BD7076C3BA}.Release|x86.ActiveCfg = Release|Win32
		{381C01EE-5288-4C3B-AF68-41BD7076C3BA}.Release|x86.Build.0 = Release|Win32
		{FC2A6BA4-E5D7-41F2-B21A-F5B6FCD884D7}.Debug|x64.ActiveCfg = Debug|x64
		{FC2A6BA4-E5D7-41F2-B21A-F5B6FCD884D7}.Debug|x64.Build.0 = Debug|x64
		{FC2A6BA4-E5D7-41F2-B21A-F5B6FCD884D7}.Debug|x86.ActiveCfg = Debug|Win32
		{FC2A6BA4-E5D7-41F2-B21A-F5B6FCD884D7}.Debug|x86.Build.0 = Debug|Win32
		{FC2A6BA4-E5D7-41F2-B21A-F5B6FCD884D7}.Release|x64.ActiveCfg = Release|x64
		{FC2A6BA4-E5D7-41F2-B21A-F5B6FCD884D7}.Release|x64.Build.0 = Release|x64
		{FC2A6BA4-E5D7-41F2-B21A-F5B6FCD884D7}.Release|x86.ActiveCfg = Release|Win32
		{FC2A6BA4-E5D7-41F2-B21A-F5B6FCD884D7}.Release|x86.Build.0 = Release|Win32
		{CF72F11E-98D1-444B-B738-378BB2D60AA0}.Debug|x64.ActiveCfg = Debug|x64
		{CF72F11E-98D1-444B-B738-378BB2D60AA0}.Debug|x64.Build.0 = Debug|x64
		{CF72F11E-98D1-444B-B738-378BB2D60AA0}.Debug|x86.ActiveCfg = Debug|Win32
		{CF72F11E-98D1-444B-B738-378BB2D60AA0}.Debug|x86.Build.0 = Debug|Win32
		{CF72F11E-98D1-444B-B738-378BB2D60AA0}.Release|x64.ActiveCfg = Release|x64
		{CF72F11E-98D1-444B-B738-378BB2D60AA0}.Release|x64.Build.0 = Release|x64
		{CF72F11E-98D1-444B-B738-378BB2D60AA0}.Release|x86.ActiveCfg = Release|Win32
		{CF72F11E-98D1-444B-B738-378BB2D60AA0}.Release|x86.Build.0 = Release|Win32
	EndGlobalSection
	GlobalSection(SolutionProperties) = preSolution
		HideSolutionNode = FALSE
	EndGlobalSection
EndGlobal
